
Microsoft Visual Studio Solution File, Format Version 12.00
# Visual Studio Express 2013 for Windows Desktop
VisualStudioVersion = 12.0.21005.1
MinimumVisualStudioVersion = 10.0.40219.1
Project("{FAE04EC0-301F-11D3-BF4B-00C04F79EFBC}") = "PrintName", "PrintName\PrintName.csproj", "{D6C65C53-6BBF-4313-90BB-9C27ED7759FE}"
EndProject
Project("{FAE04EC0-301F-11D3-BF4B-00C04F79EFBC}") = "GetMax", "GetMax\GetMax.csproj", "{EE3B56A9-32D9-43D2-95CD-266180B3D73E}"
EndProject
Project("{FAE04EC0-301F-11D3-BF4B-00C04F79EFBC}") = "ReturnLastDigit", "ReturnLastDigit\ReturnLastDigit.csproj", "{32E453B6-DCD0-4BBA-AA2A-00B31B1C2335}"
EndProject
Project("{FAE04EC0-301F-11D3-BF4B-00C04F79EFBC}") = "HowManyTimes", "HowManyTimes\HowManyTimes.csproj", "{26B793CB-FAFC-4214-8E61-D88A4FD22FF2}"
EndProject
Project("{FAE04EC0-301F-11D3-BF4B-00C04F79EFBC}") = "BiggerThanTwoNeighbours", "BiggerThanTwoNeighbours\BiggerThanTwoNeighbours.csproj", "{E4C223F9-C9D8-4273-983E-062D5634C7EE}"
EndProject
Project("{FAE04EC0-301F-11D3-BF4B-00C04F79EFBC}") = "FirstElementBiggerThanItsTwoNeighbours", "FirstElementBiggerThanItsTwoNeighbours\FirstElementBiggerThanItsTwoNeighbours.csproj", "{F2E53141-F576-4298-B7A7-4EEE64073671}"
EndProject
Project("{FAE04EC0-301F-11D3-BF4B-00C04F79EFBC}") = "ReverseDigits", "ReverseDigits\ReverseDigits.csproj", "{35714DC6-1728-43E0-874F-BE92496AA8A7}"
EndProject
Project("{FAE04EC0-301F-11D3-BF4B-00C04F79EFBC}") = "AddArraysOfDigits", "AddArraysOfDigits\AddArraysOfDigits.csproj", "{2F33DD1C-A80C-4BFE-B002-468D80AF6392}"
EndProject
Project("{FAE04EC0-301F-11D3-BF4B-00C04F79EFBC}") = "SortingInAscendindDescendingOrder", "SortingInAscendindDescendingOrder\SortingInAscendindDescendingOrder.csproj", "{D4C2C2F3-3691-41BB-A42E-3826AB5CAA6B}"
EndProject
Project("{FAE04EC0-301F-11D3-BF4B-00C04F79EFBC}") = "Factorial", "Factorial\Factorial.csproj", "{E3763EF8-67EA-4667-A517-D2FA0850CACE}"
EndProject
Project("{FAE04EC0-301F-11D3-BF4B-00C04F79EFBC}") = "AddTwoPolinomials", "AddTwoPolinomials\AddTwoPolinomials.csproj", "{45328BC1-85C1-46E5-A994-36A8209D73F2}"
EndProject
Project("{FAE04EC0-301F-11D3-BF4B-00C04F79EFBC}") = "SolveThreeTasks", "SolveThreeTasks\SolveThreeTasks.csproj", "{3A389466-3B85-4039-9B4F-E9EC5B1EF9FE}"
EndProject
Project("{FAE04EC0-301F-11D3-BF4B-00C04F79EFBC}") = "UseVariableNumberOfArgs", "UseVariableNumberOfArgs\UseVariableNumberOfArgs.csproj", "{C57AD8CC-A84A-4DB7-A560-0B343416971A}"
EndProject
Project("{FAE04EC0-301F-11D3-BF4B-00C04F79EFBC}") = "GenericMethod", "GenericMethod\GenericMethod.csproj", "{02602CBD-BBAB-4307-93A8-E1F45617400E}"
EndProject
Global
	GlobalSection(SolutionConfigurationPlatforms) = preSolution
		Debug|Any CPU = Debug|Any CPU
		Release|Any CPU = Release|Any CPU
	EndGlobalSection
	GlobalSection(ProjectConfigurationPlatforms) = postSolution
		{D6C65C53-6BBF-4313-90BB-9C27ED7759FE}.Debug|Any CPU.ActiveCfg = Debug|Any CPU
		{D6C65C53-6BBF-4313-90BB-9C27ED7759FE}.Debug|Any CPU.Build.0 = Debug|Any CPU
		{D6C65C53-6BBF-4313-90BB-9C27ED7759FE}.Release|Any CPU.ActiveCfg = Release|Any CPU
		{D6C65C53-6BBF-4313-90BB-9C27ED7759FE}.Release|Any CPU.Build.0 = Release|Any CPU
		{EE3B56A9-32D9-43D2-95CD-266180B3D73E}.Debug|Any CPU.ActiveCfg = Debug|Any CPU
		{EE3B56A9-32D9-43D2-95CD-266180B3D73E}.Debug|Any CPU.Build.0 = Debug|Any CPU
		{EE3B56A9-32D9-43D2-95CD-266180B3D73E}.Release|Any CPU.ActiveCfg = Release|Any CPU
		{EE3B56A9-32D9-43D2-95CD-266180B3D73E}.Release|Any CPU.Build.0 = Release|Any CPU
		{32E453B6-DCD0-4BBA-AA2A-00B31B1C2335}.Debug|Any CPU.ActiveCfg = Debug|Any CPU
		{32E453B6-DCD0-4BBA-AA2A-00B31B1C2335}.Debug|Any CPU.Build.0 = Debug|Any CPU
		{32E453B6-DCD0-4BBA-AA2A-00B31B1C2335}.Release|Any CPU.ActiveCfg = Release|Any CPU
		{32E453B6-DCD0-4BBA-AA2A-00B31B1C2335}.Release|Any CPU.Build.0 = Release|Any CPU
		{26B793CB-FAFC-4214-8E61-D88A4FD22FF2}.Debug|Any CPU.ActiveCfg = Debug|Any CPU
		{26B793CB-FAFC-4214-8E61-D88A4FD22FF2}.Debug|Any CPU.Build.0 = Debug|Any CPU
		{26B793CB-FAFC-4214-8E61-D88A4FD22FF2}.Release|Any CPU.ActiveCfg = Release|Any CPU
		{26B793CB-FAFC-4214-8E61-D88A4FD22FF2}.Release|Any CPU.Build.0 = Release|Any CPU
		{E4C223F9-C9D8-4273-983E-062D5634C7EE}.Debug|Any CPU.ActiveCfg = Debug|Any CPU
		{E4C223F9-C9D8-4273-983E-062D5634C7EE}.Debug|Any CPU.Build.0 = Debug|Any CPU
		{E4C223F9-C9D8-4273-983E-062D5634C7EE}.Release|Any CPU.ActiveCfg = Release|Any CPU
		{E4C223F9-C9D8-4273-983E-062D5634C7EE}.Release|Any CPU.Build.0 = Release|Any CPU
		{F2E53141-F576-4298-B7A7-4EEE64073671}.Debug|Any CPU.ActiveCfg = Debug|Any CPU
		{F2E53141-F576-4298-B7A7-4EEE64073671}.Debug|Any CPU.Build.0 = Debug|Any CPU
		{F2E53141-F576-4298-B7A7-4EEE64073671}.Release|Any CPU.ActiveCfg = Release|Any CPU
		{F2E53141-F576-4298-B7A7-4EEE64073671}.Release|Any CPU.Build.0 = Release|Any CPU
		{35714DC6-1728-43E0-874F-BE92496AA8A7}.Debug|Any CPU.ActiveCfg = Debug|Any CPU
		{35714DC6-1728-43E0-874F-BE92496AA8A7}.Debug|Any CPU.Build.0 = Debug|Any CPU
		{35714DC6-1728-43E0-874F-BE92496AA8A7}.Release|Any CPU.ActiveCfg = Release|Any CPU
		{35714DC6-1728-43E0-874F-BE92496AA8A7}.Release|Any CPU.Build.0 = Release|Any CPU
		{2F33DD1C-A80C-4BFE-B002-468D80AF6392}.Debug|Any CPU.ActiveCfg = Debug|Any CPU
		{2F33DD1C-A80C-4BFE-B002-468D80AF6392}.Debug|Any CPU.Build.0 = Debug|Any CPU
		{2F33DD1C-A80C-4BFE-B002-468D80AF6392}.Release|Any CPU.ActiveCfg = Release|Any CPU
		{2F33DD1C-A80C-4BFE-B002-468D80AF6392}.Release|Any CPU.Build.0 = Release|Any CPU
		{D4C2C2F3-3691-41BB-A42E-3826AB5CAA6B}.Debug|Any CPU.ActiveCfg = Debug|Any CPU
		{D4C2C2F3-3691-41BB-A42E-3826AB5CAA6B}.Debug|Any CPU.Build.0 = Debug|Any CPU
		{D4C2C2F3-3691-41BB-A42E-3826AB5CAA6B}.Release|Any CPU.ActiveCfg = Release|Any CPU
		{D4C2C2F3-3691-41BB-A42E-3826AB5CAA6B}.Release|Any CPU.Build.0 = Release|Any CPU
		{E3763EF8-67EA-4667-A517-D2FA0850CACE}.Debug|Any CPU.ActiveCfg = Debug|Any CPU
		{E3763EF8-67EA-4667-A517-D2FA0850CACE}.Debug|Any CPU.Build.0 = Debug|Any CPU
		{E3763EF8-67EA-4667-A517-D2FA0850CACE}.Release|Any CPU.ActiveCfg = Release|Any CPU
		{E3763EF8-67EA-4667-A517-D2FA0850CACE}.Release|Any CPU.Build.0 = Release|Any CPU
		{45328BC1-85C1-46E5-A994-36A8209D73F2}.Debug|Any CPU.ActiveCfg = Debug|Any CPU
		{45328BC1-85C1-46E5-A994-36A8209D73F2}.Debug|Any CPU.Build.0 = Debug|Any CPU
		{45328BC1-85C1-46E5-A994-36A8209D73F2}.Release|Any CPU.ActiveCfg = Release|Any CPU
		{45328BC1-85C1-46E5-A994-36A8209D73F2}.Release|Any CPU.Build.0 = Release|Any CPU
		{3A389466-3B85-4039-9B4F-E9EC5B1EF9FE}.Debug|Any CPU.ActiveCfg = Debug|Any CPU
		{3A389466-3B85-4039-9B4F-E9EC5B1EF9FE}.Debug|Any CPU.Build.0 = Debug|Any CPU
		{3A389466-3B85-4039-9B4F-E9EC5B1EF9FE}.Release|Any CPU.ActiveCfg = Release|Any CPU
		{3A389466-3B85-4039-9B4F-E9EC5B1EF9FE}.Release|Any CPU.Build.0 = Release|Any CPU
		{C57AD8CC-A84A-4DB7-A560-0B343416971A}.Debug|Any CPU.ActiveCfg = Debug|Any CPU
		{C57AD8CC-A84A-4DB7-A560-0B343416971A}.Debug|Any CPU.Build.0 = Debug|Any CPU
		{C57AD8CC-A84A-4DB7-A560-0B343416971A}.Release|Any CPU.ActiveCfg = Release|Any CPU
		{C57AD8CC-A84A-4DB7-A560-0B343416971A}.Release|Any CPU.Build.0 = Release|Any CPU
		{02602CBD-BBAB-4307-93A8-E1F45617400E}.Debug|Any CPU.ActiveCfg = Debug|Any CPU
		{02602CBD-BBAB-4307-93A8-E1F45617400E}.Debug|Any CPU.Build.0 = Debug|Any CPU
		{02602CBD-BBAB-4307-93A8-E1F45617400E}.Release|Any CPU.ActiveCfg = Release|Any CPU
		{02602CBD-BBAB-4307-93A8-E1F45617400E}.Release|Any CPU.Build.0 = Release|Any CPU
	EndGlobalSection
	GlobalSection(SolutionProperties) = preSolution
		HideSolutionNode = FALSE
	EndGlobalSection
EndGlobal
